
Microsoft Visual Studio Solution File, Format Version 12.00
# Visual Studio Version 16
VisualStudioVersion = 16.0.30907.101
MinimumVisualStudioVersion = 10.0.40219.1
Project("{FAE04EC0-301F-11D3-BF4B-00C04F79EFBC}") = "Notepad", "Notepad.csproj", "{B4C84C3B-3431-44C9-A6A9-B63123C18398}"
EndProject
Global
	GlobalSection(SolutionConfigurationPlatforms) = preSolution
		Debug|Any CPU = Debug|Any CPU
		Release|Any CPU = Release|Any CPU
	EndGlobalSection
	GlobalSection(ProjectConfigurationPlatforms) = postSolution
		{B4C84C3B-3431-44C9-A6A9-B63123C18398}.Debug|Any CPU.ActiveCfg = Debug|Any CPU
		{B4C84C3B-3431-44C9-A6A9-B63123C18398}.Debug|Any CPU.Build.0 = Debug|Any CPU
		{B4C84C3B-3431-44C9-A6A9-B63123C18398}.Release|Any CPU.ActiveCfg = Release|Any CPU
		{B4C84C3B-3431-44C9-A6A9-B63123C18398}.Release|Any CPU.Build.0 = Release|Any CPU
	EndGlobalSection
	GlobalSection(SolutionProperties) = preSolution
		HideSolutionNode = FALSE
	EndGlobalSection
	GlobalSection(ExtensibilityGlobals) = postSolution
		SolutionGuid = {751FF1EB-E065-4666-B1F2-2ECC9E07CBCF}
	EndGlobalSection
EndGlobal
